
Microsoft Visual Studio Solution File, Format Version 12.00
# Visual Studio Version 16
VisualStudioVersion = 16.0.31515.178
MinimumVisualStudioVersion = 10.0.40219.1
Project("{9A19103F-16F7-4668-BE54-9A1E7A4F7556}") = "Amalay.DesignPatterns", "Amalay.DesignPatterns.csproj", "{7B44BCCE-45BC-4979-AE57-25ED4B569EB3}"
EndProject
Global
	GlobalSection(SolutionConfigurationPlatforms) = preSolution
		Debug|Any CPU = Debug|Any CPU
		Release|Any CPU = Release|Any CPU
	EndGlobalSection
	GlobalSection(ProjectConfigurationPlatforms) = postSolution
		{7B44BCCE-45BC-4979-AE57-25ED4B569EB3}.Debug|Any CPU.ActiveCfg = Debug|Any CPU
		{7B44BCCE-45BC-4979-AE57-25ED4B569EB3}.Debug|Any CPU.Build.0 = Debug|Any CPU
		{7B44BCCE-45BC-4979-AE57-25ED4B569EB3}.Release|Any CPU.ActiveCfg = Release|Any CPU
		{7B44BCCE-45BC-4979-AE57-25ED4B569EB3}.Release|Any CPU.Build.0 = Release|Any CPU
	EndGlobalSection
	GlobalSection(SolutionProperties) = preSolution
		HideSolutionNode = FALSE
	EndGlobalSection
	GlobalSection(ExtensibilityGlobals) = postSolution
		SolutionGuid = {D1F75A8F-A637-45CB-B111-ADCB9DD8F997}
	EndGlobalSection
EndGlobal
